
Microsoft Visual Studio Solution File, Format Version 11.00
# Visual Studio 2010
Project("{FAE04EC0-301F-11D3-BF4B-00C04F79EFBC}") = "solarwander", "Assembly-CSharp-firstpass.csproj", "{6BDDD7BF-697F-4EC7-FB99-B057B0AA6128}"
EndProject
Project("{FAE04EC0-301F-11D3-BF4B-00C04F79EFBC}") = "solarwander", "Assembly-CSharp.csproj", "{508A473B-C7D4-A4BA-BA45-9E9976738F0F}"
EndProject
Project("{FAE04EC0-301F-11D3-BF4B-00C04F79EFBC}") = "solarwander", "Assembly-CSharp-Editor-firstpass.csproj", "{72A2A5B4-6544-733E-66E5-4CB8990A7975}"
EndProject
Project("{FAE04EC0-301F-11D3-BF4B-00C04F79EFBC}") = "solarwander", "Assembly-CSharp-Editor.csproj", "{B8DF8029-4805-916B-80CB-58B530775E31}"
EndProject
Global
	GlobalSection(SolutionConfigurationPlatforms) = preSolution
		Debug|Any CPU = Debug|Any CPU
		Release|Any CPU = Release|Any CPU
	EndGlobalSection
	GlobalSection(ProjectConfigurationPlatforms) = postSolution
		{6BDDD7BF-697F-4EC7-FB99-B057B0AA6128}.Debug|Any CPU.ActiveCfg = Debug|Any CPU
		{6BDDD7BF-697F-4EC7-FB99-B057B0AA6128}.Debug|Any CPU.Build.0 = Debug|Any CPU
		{6BDDD7BF-697F-4EC7-FB99-B057B0AA6128}.Release|Any CPU.ActiveCfg = Release|Any CPU
		{6BDDD7BF-697F-4EC7-FB99-B057B0AA6128}.Release|Any CPU.Build.0 = Release|Any CPU
		{508A473B-C7D4-A4BA-BA45-9E9976738F0F}.Debug|Any CPU.ActiveCfg = Debug|Any CPU
		{508A473B-C7D4-A4BA-BA45-9E9976738F0F}.Debug|Any CPU.Build.0 = Debug|Any CPU
		{508A473B-C7D4-A4BA-BA45-9E9976738F0F}.Release|Any CPU.ActiveCfg = Release|Any CPU
		{508A473B-C7D4-A4BA-BA45-9E9976738F0F}.Release|Any CPU.Build.0 = Release|Any CPU
		{72A2A5B4-6544-733E-66E5-4CB8990A7975}.Debug|Any CPU.ActiveCfg = Debug|Any CPU
		{72A2A5B4-6544-733E-66E5-4CB8990A7975}.Debug|Any CPU.Build.0 = Debug|Any CPU
		{72A2A5B4-6544-733E-66E5-4CB8990A7975}.Release|Any CPU.ActiveCfg = Release|Any CPU
		{72A2A5B4-6544-733E-66E5-4CB8990A7975}.Release|Any CPU.Build.0 = Release|Any CPU
		{B8DF8029-4805-916B-80CB-58B530775E31}.Debug|Any CPU.ActiveCfg = Debug|Any CPU
		{B8DF8029-4805-916B-80CB-58B530775E31}.Debug|Any CPU.Build.0 = Debug|Any CPU
		{B8DF8029-4805-916B-80CB-58B530775E31}.Release|Any CPU.ActiveCfg = Release|Any CPU
		{B8DF8029-4805-916B-80CB-58B530775E31}.Release|Any CPU.Build.0 = Release|Any CPU
	EndGlobalSection
	GlobalSection(SolutionProperties) = preSolution
		HideSolutionNode = FALSE
	EndGlobalSection
	GlobalSection(MonoDevelopProperties) = preSolution
		StartupItem = Assembly-CSharp.csproj
	EndGlobalSection
EndGlobal
